{
  "name": "js-lib-publish-test",
  "version": "1.0.0",
  "lockfileVersion": 2,
  "requires": true,
  "packages": {
    "": {
      "name": "js-lib-publish-test",
      "version": "1.0.0",
      "license": "MIT",
      "dependencies": {
        "ewqrqwe-js-lib-publish-test": "^1.0.0"
      },
      "devDependencies": {
        "typescript": "^4.9.4"
      }
    },
    "node_modules/ewqrqwe-js-lib-publish-test": {
      "version": "1.0.0",
      "resolved": "https://registry.npmjs.org/ewqrqwe-js-lib-publish-test/-/ewqrqwe-js-lib-publish-test-1.0.0.tgz",
      "integrity": "sha512-XkHgmqMjL0d2CHz4yKugk09teMRwn12wWz4TcCd7z1gal5Em2lgDckM390NnWIwg/j3f/IRrB5C6kyairy2szw=="
    },
    "node_modules/typescript": {
      "version": "4.9.4",
      "resolved": "https://registry.npmjs.org/typescript/-/typescript-4.9.4.tgz",
      "integrity": "sha512-Uz+dTXYzxXXbsFpM86Wh3dKCxrQqUcVMxwU54orwlJjOpO3ao8L7j5lH+dWfTwgCwIuM9GQ2kvVotzYJMXTBZg==",
      "dev": true,
      "bin": {
        "tsc": "bin/tsc",
        "tsserver": "bin/tsserver"
      },
      "engines": {
        "node": ">=4.2.0"
      }
    }
  },
  "dependencies": {
    "ewqrqwe-js-lib-publish-test": {
      "version": "1.0.0",
      "resolved": "https://registry.npmjs.org/ewqrqwe-js-lib-publish-test/-/ewqrqwe-js-lib-publish-test-1.0.0.tgz",
      "integrity": "sha512-XkHgmqMjL0d2CHz4yKugk09teMRwn12wWz4TcCd7z1gal5Em2lgDckM390NnWIwg/j3f/IRrB5C6kyairy2szw=="
    },
    "typescript": {
      "version": "4.9.4",
      "resolved": "https://registry.npmjs.org/typescript/-/typescript-4.9.4.tgz",
      "integrity": "sha512-Uz+dTXYzxXXbsFpM86Wh3dKCxrQqUcVMxwU54orwlJjOpO3ao8L7j5lH+dWfTwgCwIuM9GQ2kvVotzYJMXTBZg==",
      "dev": true
    }
  }
}
